{
    "requires": true,
    "lockfileVersion": 1,
    "dependencies": {
        "@fortawesome/fontawesome-free": {
            "version": "5.15.2",
            "resolved": "https://registry.npmjs.org/@fortawesome/fontawesome-free/-/fontawesome-free-5.15.2.tgz",
            "integrity": "sha512-7l/AX41m609L/EXI9EKH3Vs3v0iA8tKlIOGtw+kgcoanI7p+e4I4GYLqW3UXWiTnjSFymKSmTTPKYrivzbxxqA=="
        },
        "icheck-bootstrap": {
            "version": "3.0.1",
            "resolved": "https://registry.npmjs.org/icheck-bootstrap/-/icheck-bootstrap-3.0.1.tgz",
            "integrity": "sha512-Rj3SybdcMcayhsP4IJ+hmCNgCKclaFcs/5zwCuLXH1WMo468NegjhZVxbSNKhEjJjnwc4gKETogUmPYSQ9lEZQ=="
        },
        "overlayscrollbars": {
            "version": "1.13.1",
            "resolved": "https://registry.npmjs.org/overlayscrollbars/-/overlayscrollbars-1.13.1.tgz",
            "integrity": "sha512-gIQfzgGgu1wy80EB4/6DaJGHMEGmizq27xHIESrzXq0Y/J0Ay1P3DWk6tuVmEPIZH15zaBlxeEJOqdJKmowHCQ=="
        }
    }
}
